
Microsoft Visual Studio Solution File, Format Version 12.00
# Visual Studio Version 17
VisualStudioVersion = 17.5.002.0
MinimumVisualStudioVersion = 10.0.40219.1
Project("{9A19103F-16F7-4668-BE54-9A1E7A4F7556}") = "BackendDemo", "BackendDemo.csproj", "{850A3390-2863-4EEB-9F20-F5D5A1146700}"
EndProject
Global
	GlobalSection(SolutionConfigurationPlatforms) = preSolution
		Debug|Any CPU = Debug|Any CPU
		Release|Any CPU = Release|Any CPU
	EndGlobalSection
	GlobalSection(ProjectConfigurationPlatforms) = postSolution
		{850A3390-2863-4EEB-9F20-F5D5A1146700}.Debug|Any CPU.ActiveCfg = Debug|Any CPU
		{850A3390-2863-4EEB-9F20-F5D5A1146700}.Debug|Any CPU.Build.0 = Debug|Any CPU
		{850A3390-2863-4EEB-9F20-F5D5A1146700}.Release|Any CPU.ActiveCfg = Release|Any CPU
		{850A3390-2863-4EEB-9F20-F5D5A1146700}.Release|Any CPU.Build.0 = Release|Any CPU
	EndGlobalSection
	GlobalSection(SolutionProperties) = preSolution
		HideSolutionNode = FALSE
	EndGlobalSection
	GlobalSection(ExtensibilityGlobals) = postSolution
		SolutionGuid = {EA993657-80B6-4978-B6F7-88E5E2BC6929}
	EndGlobalSection
EndGlobal
